
Microsoft Visual Studio Solution File, Format Version 12.00
# Visual Studio Version 16
VisualStudioVersion = 16.0.29215.179
MinimumVisualStudioVersion = 10.0.40219.1
Project("{2150E333-8FDC-42A3-9474-1A3956D46DE8}") = "Solution Items", "Solution Items", "{4F36206F-C07A-40DB-994F-DF19A2CBF28C}"
	ProjectSection(SolutionItems) = preProject
		NppScripts\AgregateReleaseItems.cmd = NppScripts\AgregateReleaseItems.cmd
		NppScripts\CopyDebugToNpp.cmd = NppScripts\CopyDebugToNpp.cmd
	EndProjectSection
EndProject
Project("{FAE04EC0-301F-11D3-BF4B-00C04F79EFBC}") = "HtmlView", "HtmlView\HtmlView.csproj", "{D6DBA062-0EB7-438F-B776-082F81A46E4D}"
EndProject
Project("{FAE04EC0-301F-11D3-BF4B-00C04F79EFBC}") = "NppScripts", "NppScripts\NppScripts.csproj", "{DC4877AA-FC2F-4407-A0AA-5460A7832CEB}"
EndProject
Project("{FAE04EC0-301F-11D3-BF4B-00C04F79EFBC}") = "NppPlugin.Host", "NppPlugin.Host\NppPlugin.Host.csproj", "{FFD87B89-DE2E-4BD9-AB06-F1F58AF8C252}"
EndProject
Global
	GlobalSection(SolutionConfigurationPlatforms) = preSolution
		Debug|Any CPU = Debug|Any CPU
		Debug|x64 = Debug|x64
		Debug|x86 = Debug|x86
		Release|Any CPU = Release|Any CPU
		Release|x64 = Release|x64
		Release|x86 = Release|x86
	EndGlobalSection
	GlobalSection(ProjectConfigurationPlatforms) = postSolution
		{D6DBA062-0EB7-438F-B776-082F81A46E4D}.Debug|Any CPU.ActiveCfg = Debug|Any CPU
		{D6DBA062-0EB7-438F-B776-082F81A46E4D}.Debug|Any CPU.Build.0 = Debug|Any CPU
		{D6DBA062-0EB7-438F-B776-082F81A46E4D}.Debug|x64.ActiveCfg = Debug|Any CPU
		{D6DBA062-0EB7-438F-B776-082F81A46E4D}.Debug|x64.Build.0 = Debug|Any CPU
		{D6DBA062-0EB7-438F-B776-082F81A46E4D}.Debug|x86.ActiveCfg = Debug|Any CPU
		{D6DBA062-0EB7-438F-B776-082F81A46E4D}.Debug|x86.Build.0 = Debug|Any CPU
		{D6DBA062-0EB7-438F-B776-082F81A46E4D}.Release|Any CPU.ActiveCfg = Release|Any CPU
		{D6DBA062-0EB7-438F-B776-082F81A46E4D}.Release|Any CPU.Build.0 = Release|Any CPU
		{D6DBA062-0EB7-438F-B776-082F81A46E4D}.Release|x64.ActiveCfg = Release|Any CPU
		{D6DBA062-0EB7-438F-B776-082F81A46E4D}.Release|x64.Build.0 = Release|Any CPU
		{D6DBA062-0EB7-438F-B776-082F81A46E4D}.Release|x86.ActiveCfg = Release|Any CPU
		{D6DBA062-0EB7-438F-B776-082F81A46E4D}.Release|x86.Build.0 = Release|Any CPU
		{DC4877AA-FC2F-4407-A0AA-5460A7832CEB}.Debug|Any CPU.ActiveCfg = Debug|Any CPU
		{DC4877AA-FC2F-4407-A0AA-5460A7832CEB}.Debug|Any CPU.Build.0 = Debug|Any CPU
		{DC4877AA-FC2F-4407-A0AA-5460A7832CEB}.Debug|x64.ActiveCfg = Debug|Any CPU
		{DC4877AA-FC2F-4407-A0AA-5460A7832CEB}.Debug|x64.Build.0 = Debug|Any CPU
		{DC4877AA-FC2F-4407-A0AA-5460A7832CEB}.Debug|x86.ActiveCfg = Debug|Any CPU
		{DC4877AA-FC2F-4407-A0AA-5460A7832CEB}.Debug|x86.Build.0 = Debug|Any CPU
		{DC4877AA-FC2F-4407-A0AA-5460A7832CEB}.Release|Any CPU.ActiveCfg = Release|Any CPU
		{DC4877AA-FC2F-4407-A0AA-5460A7832CEB}.Release|Any CPU.Build.0 = Release|Any CPU
		{DC4877AA-FC2F-4407-A0AA-5460A7832CEB}.Release|x64.ActiveCfg = Release|Any CPU
		{DC4877AA-FC2F-4407-A0AA-5460A7832CEB}.Release|x64.Build.0 = Release|Any CPU
		{DC4877AA-FC2F-4407-A0AA-5460A7832CEB}.Release|x86.ActiveCfg = Release|Any CPU
		{DC4877AA-FC2F-4407-A0AA-5460A7832CEB}.Release|x86.Build.0 = Release|Any CPU
		{FFD87B89-DE2E-4BD9-AB06-F1F58AF8C252}.Debug|Any CPU.ActiveCfg = Debug|Any CPU
		{FFD87B89-DE2E-4BD9-AB06-F1F58AF8C252}.Debug|Any CPU.Build.0 = Debug|Any CPU
		{FFD87B89-DE2E-4BD9-AB06-F1F58AF8C252}.Debug|x64.ActiveCfg = Debug|x64
		{FFD87B89-DE2E-4BD9-AB06-F1F58AF8C252}.Debug|x64.Build.0 = Debug|x64
		{FFD87B89-DE2E-4BD9-AB06-F1F58AF8C252}.Debug|x86.ActiveCfg = Debug|x86
		{FFD87B89-DE2E-4BD9-AB06-F1F58AF8C252}.Debug|x86.Build.0 = Debug|x86
		{FFD87B89-DE2E-4BD9-AB06-F1F58AF8C252}.Release|Any CPU.ActiveCfg = Release|Any CPU
		{FFD87B89-DE2E-4BD9-AB06-F1F58AF8C252}.Release|Any CPU.Build.0 = Release|Any CPU
		{FFD87B89-DE2E-4BD9-AB06-F1F58AF8C252}.Release|x64.ActiveCfg = Release|x64
		{FFD87B89-DE2E-4BD9-AB06-F1F58AF8C252}.Release|x64.Build.0 = Release|x64
		{FFD87B89-DE2E-4BD9-AB06-F1F58AF8C252}.Release|x86.ActiveCfg = Release|x86
		{FFD87B89-DE2E-4BD9-AB06-F1F58AF8C252}.Release|x86.Build.0 = Release|x86
	EndGlobalSection
	GlobalSection(SolutionProperties) = preSolution
		HideSolutionNode = FALSE
	EndGlobalSection
	GlobalSection(ExtensibilityGlobals) = postSolution
		SolutionGuid = {5FFEE081-093B-4E54-BA72-EA9F51914B03}
	EndGlobalSection
EndGlobal
